
Microsoft Visual Studio Solution File, Format Version 12.00
# Visual Studio Version 17
VisualStudioVersion = 17.0.31919.166
MinimumVisualStudioVersion = 10.0.40219.1
Project("{9A19103F-16F7-4668-BE54-9A1E7A4F7556}") = "CarApi", "CarApi\CarApi.csproj", "{38C1550A-001F-4033-85BC-9F598C73D309}"
EndProject
Project("{9A19103F-16F7-4668-BE54-9A1E7A4F7556}") = "CarApi.Model", "CarApi.Model\CarApi.Model.csproj", "{735408A2-C8B2-49C8-8398-C7334B32936E}"
EndProject
Project("{9A19103F-16F7-4668-BE54-9A1E7A4F7556}") = "CarApi.Core", "CarApi.Core\CarApi.Core.csproj", "{8F72CBA3-4B6D-4986-9D35-17FE742EABB9}"
EndProject
Project("{888888A0-9F3D-457C-B088-3A5042F75D52}") = "CarApi.Scripts", "CarApi.Scripts\CarApi.Scripts.pyproj", "{2C1C8C6F-7470-4903-A84E-2F455AA35105}"
EndProject
Project("{2150E333-8FDC-42A3-9474-1A3956D46DE8}") = "Deployment", "Deployment", "{51C3622F-53EB-4DEA-B448-8EF982545711}"
EndProject
Project("{FAE04EC0-301F-11D3-BF4B-00C04F79EFBC}") = "UnitTests", "UnitTests\UnitTests.csproj", "{6154F88C-142C-4D6C-8529-3FDE5805BB7F}"
EndProject
Global
	GlobalSection(SolutionConfigurationPlatforms) = preSolution
		Debug|Any CPU = Debug|Any CPU
		Release|Any CPU = Release|Any CPU
	EndGlobalSection
	GlobalSection(ProjectConfigurationPlatforms) = postSolution
		{38C1550A-001F-4033-85BC-9F598C73D309}.Debug|Any CPU.ActiveCfg = Debug|Any CPU
		{38C1550A-001F-4033-85BC-9F598C73D309}.Debug|Any CPU.Build.0 = Debug|Any CPU
		{38C1550A-001F-4033-85BC-9F598C73D309}.Release|Any CPU.ActiveCfg = Release|Any CPU
		{38C1550A-001F-4033-85BC-9F598C73D309}.Release|Any CPU.Build.0 = Release|Any CPU
		{735408A2-C8B2-49C8-8398-C7334B32936E}.Debug|Any CPU.ActiveCfg = Debug|Any CPU
		{735408A2-C8B2-49C8-8398-C7334B32936E}.Debug|Any CPU.Build.0 = Debug|Any CPU
		{735408A2-C8B2-49C8-8398-C7334B32936E}.Release|Any CPU.ActiveCfg = Release|Any CPU
		{735408A2-C8B2-49C8-8398-C7334B32936E}.Release|Any CPU.Build.0 = Release|Any CPU
		{8F72CBA3-4B6D-4986-9D35-17FE742EABB9}.Debug|Any CPU.ActiveCfg = Debug|Any CPU
		{8F72CBA3-4B6D-4986-9D35-17FE742EABB9}.Debug|Any CPU.Build.0 = Debug|Any CPU
		{8F72CBA3-4B6D-4986-9D35-17FE742EABB9}.Release|Any CPU.ActiveCfg = Release|Any CPU
		{8F72CBA3-4B6D-4986-9D35-17FE742EABB9}.Release|Any CPU.Build.0 = Release|Any CPU
		{2C1C8C6F-7470-4903-A84E-2F455AA35105}.Debug|Any CPU.ActiveCfg = Debug|Any CPU
		{2C1C8C6F-7470-4903-A84E-2F455AA35105}.Debug|Any CPU.Build.0 = Debug|Any CPU
		{2C1C8C6F-7470-4903-A84E-2F455AA35105}.Release|Any CPU.ActiveCfg = Release|Any CPU
		{2C1C8C6F-7470-4903-A84E-2F455AA35105}.Release|Any CPU.Build.0 = Release|Any CPU
		{6154F88C-142C-4D6C-8529-3FDE5805BB7F}.Debug|Any CPU.ActiveCfg = Debug|Any CPU
		{6154F88C-142C-4D6C-8529-3FDE5805BB7F}.Debug|Any CPU.Build.0 = Debug|Any CPU
		{6154F88C-142C-4D6C-8529-3FDE5805BB7F}.Release|Any CPU.ActiveCfg = Release|Any CPU
		{6154F88C-142C-4D6C-8529-3FDE5805BB7F}.Release|Any CPU.Build.0 = Release|Any CPU
	EndGlobalSection
	GlobalSection(SolutionProperties) = preSolution
		HideSolutionNode = FALSE
	EndGlobalSection
	GlobalSection(ExtensibilityGlobals) = postSolution
		SolutionGuid = {08BDE4B9-65FF-4139-838F-B000AD2F5B3B}
	EndGlobalSection
EndGlobal
